{
  "name": "percent-to-hex",
  "version": "1.0.0",
  "lockfileVersion": 1,
  "requires": true,
  "dependencies": {
    "hsl-to-hex": {
      "version": "1.0.0",
      "resolved": "https://registry.npmjs.org/hsl-to-hex/-/hsl-to-hex-1.0.0.tgz",
      "integrity": "sha1-xYyCbcbS8eCl/x2lp+y/A/qsE1I=",
      "requires": {
        "hsl-to-rgb-for-reals": "^1.1.0"
      }
    },
    "hsl-to-rgb-for-reals": {
      "version": "1.1.1",
      "resolved": "https://registry.npmjs.org/hsl-to-rgb-for-reals/-/hsl-to-rgb-for-reals-1.1.1.tgz",
      "integrity": "sha512-LgOWAkrN0rFaQpfdWBQlv/VhkOxb5AsBjk6NQVx4yEzWS923T07X0M1Y0VNko2H52HeSpZrZNNMJ0aFqsdVzQg=="
    },
    "install": {
      "version": "0.13.0",
      "resolved": "https://registry.npmjs.org/install/-/install-0.13.0.tgz",
      "integrity": "sha512-zDml/jzr2PKU9I8J/xyZBQn8rPCAY//UOYNmR01XwNwyfhEWObo2SWfSl1+0tm1u6PhxLwDnfsT/6jB7OUxqFA=="
    }
  }
}
